
Microsoft Visual Studio Solution File, Format Version 12.00
# Visual Studio Version 16
VisualStudioVersion = 16.0.30114.105
MinimumVisualStudioVersion = 10.0.40219.1
Project("{2150E333-8FDC-42A3-9474-1A3956D46DE8}") = "day-3", "day-3", "{9162CEA2-E60A-472F-A623-2D43DA413A7A}"
EndProject
Project("{2150E333-8FDC-42A3-9474-1A3956D46DE8}") = "solution.3.2", "solution.3.2", "{8C5DD43C-B694-4211-9065-EAFD9AFAE8D4}"
EndProject
Project("{FAE04EC0-301F-11D3-BF4B-00C04F79EFBC}") = "DayThreePartTwo", "day-3\solution.3.2\DayThreePartTwo\DayThreePartTwo.csproj", "{9BAC4972-9900-4A61-8E32-FD45EACCEA13}"
EndProject
Global
	GlobalSection(SolutionConfigurationPlatforms) = preSolution
		Debug|Any CPU = Debug|Any CPU
		Release|Any CPU = Release|Any CPU
	EndGlobalSection
	GlobalSection(SolutionProperties) = preSolution
		HideSolutionNode = FALSE
	EndGlobalSection
	GlobalSection(ProjectConfigurationPlatforms) = postSolution
		{9BAC4972-9900-4A61-8E32-FD45EACCEA13}.Debug|Any CPU.ActiveCfg = Debug|Any CPU
		{9BAC4972-9900-4A61-8E32-FD45EACCEA13}.Debug|Any CPU.Build.0 = Debug|Any CPU
		{9BAC4972-9900-4A61-8E32-FD45EACCEA13}.Release|Any CPU.ActiveCfg = Release|Any CPU
		{9BAC4972-9900-4A61-8E32-FD45EACCEA13}.Release|Any CPU.Build.0 = Release|Any CPU
		{024D09F8-A9EB-499B-A910-4E40AFD02287}.Debug|Any CPU.ActiveCfg = Debug|Any CPU
		{024D09F8-A9EB-499B-A910-4E40AFD02287}.Debug|Any CPU.Build.0 = Debug|Any CPU
		{024D09F8-A9EB-499B-A910-4E40AFD02287}.Release|Any CPU.ActiveCfg = Release|Any CPU
		{024D09F8-A9EB-499B-A910-4E40AFD02287}.Release|Any CPU.Build.0 = Release|Any CPU
	EndGlobalSection
	GlobalSection(NestedProjects) = preSolution
		{8C5DD43C-B694-4211-9065-EAFD9AFAE8D4} = {9162CEA2-E60A-472F-A623-2D43DA413A7A}
		{9BAC4972-9900-4A61-8E32-FD45EACCEA13} = {8C5DD43C-B694-4211-9065-EAFD9AFAE8D4}
	EndGlobalSection
EndGlobal
