
Microsoft Visual Studio Solution File, Format Version 12.00
# Visual Studio Version 16
VisualStudioVersion = 16.0.30114.105
MinimumVisualStudioVersion = 10.0.40219.1
Project("{FAE04EC0-301F-11D3-BF4B-00C04F79EFBC}") = "DayTwelve.Core", "DayTwelve.Core\DayTwelve.Core.csproj", "{6ED53780-A1B5-4BFD-9CD2-DEEB08D5B435}"
EndProject
Project("{FAE04EC0-301F-11D3-BF4B-00C04F79EFBC}") = "DayTwelve.PartOne", "DayTwelve.PartOne\DayTwelve.PartOne.csproj", "{F3855B6B-DB3D-48BE-8D6B-EE080916B015}"
EndProject
Project("{FAE04EC0-301F-11D3-BF4B-00C04F79EFBC}") = "DayTwelve.PartTwo", "DayTwelve.PartTwo\DayTwelve.PartTwo.csproj", "{27BA73B5-2E91-443F-A3BB-B8793C87B87A}"
EndProject
Global
	GlobalSection(SolutionConfigurationPlatforms) = preSolution
		Debug|Any CPU = Debug|Any CPU
		Release|Any CPU = Release|Any CPU
	EndGlobalSection
	GlobalSection(SolutionProperties) = preSolution
		HideSolutionNode = FALSE
	EndGlobalSection
	GlobalSection(ProjectConfigurationPlatforms) = postSolution
		{6ED53780-A1B5-4BFD-9CD2-DEEB08D5B435}.Debug|Any CPU.ActiveCfg = Debug|Any CPU
		{6ED53780-A1B5-4BFD-9CD2-DEEB08D5B435}.Debug|Any CPU.Build.0 = Debug|Any CPU
		{6ED53780-A1B5-4BFD-9CD2-DEEB08D5B435}.Release|Any CPU.ActiveCfg = Release|Any CPU
		{6ED53780-A1B5-4BFD-9CD2-DEEB08D5B435}.Release|Any CPU.Build.0 = Release|Any CPU
		{F3855B6B-DB3D-48BE-8D6B-EE080916B015}.Debug|Any CPU.ActiveCfg = Debug|Any CPU
		{F3855B6B-DB3D-48BE-8D6B-EE080916B015}.Debug|Any CPU.Build.0 = Debug|Any CPU
		{F3855B6B-DB3D-48BE-8D6B-EE080916B015}.Release|Any CPU.ActiveCfg = Release|Any CPU
		{F3855B6B-DB3D-48BE-8D6B-EE080916B015}.Release|Any CPU.Build.0 = Release|Any CPU
		{27BA73B5-2E91-443F-A3BB-B8793C87B87A}.Debug|Any CPU.ActiveCfg = Debug|Any CPU
		{27BA73B5-2E91-443F-A3BB-B8793C87B87A}.Debug|Any CPU.Build.0 = Debug|Any CPU
		{27BA73B5-2E91-443F-A3BB-B8793C87B87A}.Release|Any CPU.ActiveCfg = Release|Any CPU
		{27BA73B5-2E91-443F-A3BB-B8793C87B87A}.Release|Any CPU.Build.0 = Release|Any CPU
	EndGlobalSection
EndGlobal
